
Microsoft Visual Studio Solution File, Format Version 12.00
# Visual Studio Version 17
VisualStudioVersion = 17.10.34928.147
MinimumVisualStudioVersion = 10.0.40219.1
Project("{FAE04EC0-301F-11D3-BF4B-00C04F79EFBC}") = "HospitalProject", "HospitalProject\HospitalProject.csproj", "{5CB54597-FF18-4209-AE93-293D2B5B79B3}"
EndProject
Global
	GlobalSection(SolutionConfigurationPlatforms) = preSolution
		Debug|Any CPU = Debug|Any CPU
		Release|Any CPU = Release|Any CPU
	EndGlobalSection
	GlobalSection(ProjectConfigurationPlatforms) = postSolution
		{5CB54597-FF18-4209-AE93-293D2B5B79B3}.Debug|Any CPU.ActiveCfg = Debug|Any CPU
		{5CB54597-FF18-4209-AE93-293D2B5B79B3}.Debug|Any CPU.Build.0 = Debug|Any CPU
		{5CB54597-FF18-4209-AE93-293D2B5B79B3}.Release|Any CPU.ActiveCfg = Release|Any CPU
		{5CB54597-FF18-4209-AE93-293D2B5B79B3}.Release|Any CPU.Build.0 = Release|Any CPU
	EndGlobalSection
	GlobalSection(SolutionProperties) = preSolution
		HideSolutionNode = FALSE
	EndGlobalSection
	GlobalSection(ExtensibilityGlobals) = postSolution
		SolutionGuid = {6182C22B-88EE-4C4D-B4E5-36C9607CFC8F}
	EndGlobalSection
EndGlobal
